
Microsoft Visual Studio Solution File, Format Version 12.00
# Visual Studio Version 16
VisualStudioVersion = 16.0.32901.82
MinimumVisualStudioVersion = 10.0.40219.1
Project("{FAE04EC0-301F-11D3-BF4B-00C04F79EFBC}") = "3", "3\3.csproj", "{39ADF418-CD9A-4B95-A6CB-D43DDC74B90C}"
EndProject
Project("{FAE04EC0-301F-11D3-BF4B-00C04F79EFBC}") = "PhoneBookLibJson", "PhoneBookLibJson\PhoneBookLibJson.csproj", "{36E3ED4A-9639-409D-A5C5-C2572AC7A850}"
EndProject
Project("{FAE04EC0-301F-11D3-BF4B-00C04F79EFBC}") = "PhoneRepositorySql", "PhoneRepositorySql\PhoneRepositorySql.csproj", "{14CC334B-A894-4C6B-B470-808BCA7C546F}"
EndProject
Global
	GlobalSection(SolutionConfigurationPlatforms) = preSolution
		Debug|Any CPU = Debug|Any CPU
		Release|Any CPU = Release|Any CPU
	EndGlobalSection
	GlobalSection(ProjectConfigurationPlatforms) = postSolution
		{39ADF418-CD9A-4B95-A6CB-D43DDC74B90C}.Debug|Any CPU.ActiveCfg = Debug|Any CPU
		{39ADF418-CD9A-4B95-A6CB-D43DDC74B90C}.Debug|Any CPU.Build.0 = Debug|Any CPU
		{39ADF418-CD9A-4B95-A6CB-D43DDC74B90C}.Release|Any CPU.ActiveCfg = Release|Any CPU
		{39ADF418-CD9A-4B95-A6CB-D43DDC74B90C}.Release|Any CPU.Build.0 = Release|Any CPU
		{36E3ED4A-9639-409D-A5C5-C2572AC7A850}.Debug|Any CPU.ActiveCfg = Debug|Any CPU
		{36E3ED4A-9639-409D-A5C5-C2572AC7A850}.Debug|Any CPU.Build.0 = Debug|Any CPU
		{36E3ED4A-9639-409D-A5C5-C2572AC7A850}.Release|Any CPU.ActiveCfg = Release|Any CPU
		{36E3ED4A-9639-409D-A5C5-C2572AC7A850}.Release|Any CPU.Build.0 = Release|Any CPU
		{14CC334B-A894-4C6B-B470-808BCA7C546F}.Debug|Any CPU.ActiveCfg = Debug|Any CPU
		{14CC334B-A894-4C6B-B470-808BCA7C546F}.Debug|Any CPU.Build.0 = Debug|Any CPU
		{14CC334B-A894-4C6B-B470-808BCA7C546F}.Release|Any CPU.ActiveCfg = Release|Any CPU
		{14CC334B-A894-4C6B-B470-808BCA7C546F}.Release|Any CPU.Build.0 = Release|Any CPU
	EndGlobalSection
	GlobalSection(SolutionProperties) = preSolution
		HideSolutionNode = FALSE
	EndGlobalSection
	GlobalSection(ExtensibilityGlobals) = postSolution
		SolutionGuid = {5EB3A34F-F4B6-4E85-A34A-9F29DAAD9C2A}
	EndGlobalSection
EndGlobal
