
Microsoft Visual Studio Solution File, Format Version 12.00
# Visual Studio Version 16
VisualStudioVersion = 16.0.32901.82
MinimumVisualStudioVersion = 10.0.40219.1
Project("{FAE04EC0-301F-11D3-BF4B-00C04F79EFBC}") = "WebApplication1", "WebApplication1\WebApplication1.csproj", "{56B21C98-47AF-4455-8244-D17E87ABEF46}"
EndProject
Project("{FAE04EC0-301F-11D3-BF4B-00C04F79EFBC}") = "WindowsFormsApp1", "WindowsFormsApp1\WindowsFormsApp1.csproj", "{CCADD2B7-EE80-443C-962E-9BDE82B64EE4}"
	ProjectSection(ProjectDependencies) = postProject
		{56B21C98-47AF-4455-8244-D17E87ABEF46} = {56B21C98-47AF-4455-8244-D17E87ABEF46}
	EndProjectSection
EndProject
Global
	GlobalSection(SolutionConfigurationPlatforms) = preSolution
		Debug|Any CPU = Debug|Any CPU
		Release|Any CPU = Release|Any CPU
	EndGlobalSection
	GlobalSection(ProjectConfigurationPlatforms) = postSolution
		{56B21C98-47AF-4455-8244-D17E87ABEF46}.Debug|Any CPU.ActiveCfg = Debug|Any CPU
		{56B21C98-47AF-4455-8244-D17E87ABEF46}.Debug|Any CPU.Build.0 = Debug|Any CPU
		{56B21C98-47AF-4455-8244-D17E87ABEF46}.Release|Any CPU.ActiveCfg = Release|Any CPU
		{56B21C98-47AF-4455-8244-D17E87ABEF46}.Release|Any CPU.Build.0 = Release|Any CPU
		{CCADD2B7-EE80-443C-962E-9BDE82B64EE4}.Debug|Any CPU.ActiveCfg = Debug|Any CPU
		{CCADD2B7-EE80-443C-962E-9BDE82B64EE4}.Debug|Any CPU.Build.0 = Debug|Any CPU
		{CCADD2B7-EE80-443C-962E-9BDE82B64EE4}.Release|Any CPU.ActiveCfg = Release|Any CPU
		{CCADD2B7-EE80-443C-962E-9BDE82B64EE4}.Release|Any CPU.Build.0 = Release|Any CPU
	EndGlobalSection
	GlobalSection(SolutionProperties) = preSolution
		HideSolutionNode = FALSE
	EndGlobalSection
	GlobalSection(ExtensibilityGlobals) = postSolution
		SolutionGuid = {46ABA01E-8FAA-421A-92F7-156614CEDB06}
	EndGlobalSection
EndGlobal
